// !$*UTF8*$!
{
	archiveVersion = 1;
	classes = {
	};
	objectVersion = 51;
	objects = {

/* Begin PBXBuildFile section */
		206ACE532388851F00134EFF /* StationDetailViewController.swift in Sources */ = {isa = PBXBuildFile; fileRef = 206ACE522388851F00134EFF /* StationDetailViewController.swift */; };
		206ACE552388F5EC00134EFF /* StationDetailViewModel.swift in Sources */ = {isa = PBXBuildFile; fileRef = 206ACE542388F5EC00134EFF /* StationDetailViewModel.swift */; };
		206ACE57238901A700134EFF /* StationImageDetailViewController.swift in Sources */ = {isa = PBXBuildFile; fileRef = 206ACE56238901A700134EFF /* StationImageDetailViewController.swift */; };
		206ACE592389033100134EFF /* StationImageDetailViewModel.swift in Sources */ = {isa = PBXBuildFile; fileRef = 206ACE582389033100134EFF /* StationImageDetailViewModel.swift */; };
		206ACE5B23890FEA00134EFF /* AddStationImageViewController.swift in Sources */ = {isa = PBXBuildFile; fileRef = 206ACE5A23890FEA00134EFF /* AddStationImageViewController.swift */; };
		206ACE602389286E00134EFF /* DatabaseManager.swift in Sources */ = {isa = PBXBuildFile; fileRef = 206ACE5F2389286E00134EFF /* DatabaseManager.swift */; };
		206ACE622389308B00134EFF /* UIViewControllerExtension.swift in Sources */ = {isa = PBXBuildFile; fileRef = 206ACE612389308B00134EFF /* UIViewControllerExtension.swift */; };
		206ACE642389316B00134EFF /* NSObjectExtension.swift in Sources */ = {isa = PBXBuildFile; fileRef = 206ACE632389316B00134EFF /* NSObjectExtension.swift */; };
		206ACE692389339900134EFF /* StationDetailTableViewCell.swift in Sources */ = {isa = PBXBuildFile; fileRef = 206ACE682389339900134EFF /* StationDetailTableViewCell.swift */; };
		206ACE6B238933D800134EFF /* PermissionManager.swift in Sources */ = {isa = PBXBuildFile; fileRef = 206ACE6A238933D800134EFF /* PermissionManager.swift */; };
		20B406FE23896B9100B265D1 /* AddStationImageViewModel.swift in Sources */ = {isa = PBXBuildFile; fileRef = 20B406FD23896B9100B265D1 /* AddStationImageViewModel.swift */; };
		20B4070123896EF100B265D1 /* StationsAnnotation.swift in Sources */ = {isa = PBXBuildFile; fileRef = 20B4070023896EF100B265D1 /* StationsAnnotation.swift */; };
		20B40703238974DE00B265D1 /* StringExtension.swift in Sources */ = {isa = PBXBuildFile; fileRef = 20B40702238974DE00B265D1 /* StringExtension.swift */; };
		20B4070523897A6B00B265D1 /* DateExtension.swift in Sources */ = {isa = PBXBuildFile; fileRef = 20B4070423897A6B00B265D1 /* DateExtension.swift */; };
		20FFCED023894F23009DCB03 /* StationImageDetailModel.swift in Sources */ = {isa = PBXBuildFile; fileRef = 20FFCECF23894F23009DCB03 /* StationImageDetailModel.swift */; };
		20FFCED52389517E009DCB03 /* DocumentsManager.swift in Sources */ = {isa = PBXBuildFile; fileRef = 20FFCED42389517E009DCB03 /* DocumentsManager.swift */; };
		64196561238677E000F545DA /* AppDelegate.swift in Sources */ = {isa = PBXBuildFile; fileRef = 64196560238677E000F545DA /* AppDelegate.swift */; };
		64196563238677E000F545DA /* SceneDelegate.swift in Sources */ = {isa = PBXBuildFile; fileRef = 64196562238677E000F545DA /* SceneDelegate.swift */; };
		64196568238677E000F545DA /* Main.storyboard in Resources */ = {isa = PBXBuildFile; fileRef = 64196566238677E000F545DA /* Main.storyboard */; };
		6419656A238677E800F545DA /* Assets.xcassets in Resources */ = {isa = PBXBuildFile; fileRef = 64196569238677E800F545DA /* Assets.xcassets */; };
		6419656D238677E800F545DA /* LaunchScreen.storyboard in Resources */ = {isa = PBXBuildFile; fileRef = 6419656B238677E800F545DA /* LaunchScreen.storyboard */; };
		64196578238677E900F545DA /* TagTheBusTests.swift in Sources */ = {isa = PBXBuildFile; fileRef = 64196577238677E900F545DA /* TagTheBusTests.swift */; };
		64196583238677E900F545DA /* TagTheBusUITests.swift in Sources */ = {isa = PBXBuildFile; fileRef = 64196582238677E900F545DA /* TagTheBusUITests.swift */; };
		641965942386869100F545DA /* StationsPageViewController.swift in Sources */ = {isa = PBXBuildFile; fileRef = 641965932386869100F545DA /* StationsPageViewController.swift */; };
		64196596238688A000F545DA /* StationsMapViewController.swift in Sources */ = {isa = PBXBuildFile; fileRef = 64196595238688A000F545DA /* StationsMapViewController.swift */; };
		64196598238688BE00F545DA /* StationsListViewController.swift in Sources */ = {isa = PBXBuildFile; fileRef = 64196597238688BE00F545DA /* StationsListViewController.swift */; };
		6419659B23868C1200F545DA /* Constants.swift in Sources */ = {isa = PBXBuildFile; fileRef = 6419659A23868C1200F545DA /* Constants.swift */; };
		641965B32386B8EA00F545DA /* Enums.swift in Sources */ = {isa = PBXBuildFile; fileRef = 641965B22386B8EA00F545DA /* Enums.swift */; };
		641965B72386C25E00F545DA /* StationsModel.swift in Sources */ = {isa = PBXBuildFile; fileRef = 641965B62386C25E00F545DA /* StationsModel.swift */; };
		641965B92386C27800F545DA /* DashboardViewModel.swift in Sources */ = {isa = PBXBuildFile; fileRef = 641965B82386C27800F545DA /* DashboardViewModel.swift */; };
		641965BB2386C37300F545DA /* TransportStationModel.swift in Sources */ = {isa = PBXBuildFile; fileRef = 641965BA2386C37300F545DA /* TransportStationModel.swift */; };
		641965BE2386C6AE00F545DA /* DictionaryExtension.swift in Sources */ = {isa = PBXBuildFile; fileRef = 641965BD2386C6AE00F545DA /* DictionaryExtension.swift */; };
		641965C02386D1AC00F545DA /* DashboardViewController.swift in Sources */ = {isa = PBXBuildFile; fileRef = 641965BF2386D1AC00F545DA /* DashboardViewController.swift */; };
		6497543F2387CECF00BC4530 /* ReachabilityManager.swift in Sources */ = {isa = PBXBuildFile; fileRef = 649754372387CECE00BC4530 /* ReachabilityManager.swift */; };
		649754402387CECF00BC4530 /* APIManager.swift in Sources */ = {isa = PBXBuildFile; fileRef = 649754382387CECE00BC4530 /* APIManager.swift */; };
		649754412387CECF00BC4530 /* NetworkHttpClient.swift in Sources */ = {isa = PBXBuildFile; fileRef = 649754392387CECE00BC4530 /* NetworkHttpClient.swift */; };
		649754432387CECF00BC4530 /* APIResponse.swift in Sources */ = {isa = PBXBuildFile; fileRef = 6497543B2387CECE00BC4530 /* APIResponse.swift */; };
		649754442387CECF00BC4530 /* APIInterface.swift in Sources */ = {isa = PBXBuildFile; fileRef = 6497543C2387CECE00BC4530 /* APIInterface.swift */; };
		649754472387D3C700BC4530 /* DataExtension.swift in Sources */ = {isa = PBXBuildFile; fileRef = 649754462387D3C700BC4530 /* DataExtension.swift */; };
		6497544B2387E8E200BC4530 /* TagTheBusServices.swift in Sources */ = {isa = PBXBuildFile; fileRef = 6497544A2387E8E200BC4530 /* TagTheBusServices.swift */; };
		6E78DF324E35C8D6318BD445 /* Pods_TagTheBusTests.framework in Frameworks */ = {isa = PBXBuildFile; fileRef = 29C4AE95FBE8EE6AF5D206C8 /* Pods_TagTheBusTests.framework */; };
		AA55334F3024EEA8EB0E0924 /* Pods_TagTheBus.framework in Frameworks */ = {isa = PBXBuildFile; fileRef = 7E7D62AB0DD5334C29B84AE0 /* Pods_TagTheBus.framework */; };
		EF1CD61B9A7B64D0C3D8435A /* Pods_TagTheBus_TagTheBusUITests.framework in Frameworks */ = {isa = PBXBuildFile; fileRef = E9326F155782D332C3C5AC4C /* Pods_TagTheBus_TagTheBusUITests.framework */; };
/* End PBXBuildFile section */

/* Begin PBXContainerItemProxy section */
		64196574238677E900F545DA /* PBXContainerItemProxy */ = {
			isa = PBXContainerItemProxy;
			containerPortal = 64196555238677E000F545DA /* Project object */;
			proxyType = 1;
			remoteGlobalIDString = 6419655C238677E000F545DA;
			remoteInfo = TagTheBus;
		};
		6419657F238677E900F545DA /* PBXContainerItemProxy */ = {
			isa = PBXContainerItemProxy;
			containerPortal = 64196555238677E000F545DA /* Project object */;
			proxyType = 1;
			remoteGlobalIDString = 6419655C238677E000F545DA;
			remoteInfo = TagTheBus;
		};
/* End PBXContainerItemProxy section */

/* Begin PBXFileReference section */
		206ACE522388851F00134EFF /* StationDetailViewController.swift */ = {isa = PBXFileReference; lastKnownFileType = sourcecode.swift; path = StationDetailViewController.swift; sourceTree = "<group>"; };
		206ACE542388F5EC00134EFF /* StationDetailViewModel.swift */ = {isa = PBXFileReference; lastKnownFileType = sourcecode.swift; path = StationDetailViewModel.swift; sourceTree = "<group>"; };
		206ACE56238901A700134EFF /* StationImageDetailViewController.swift */ = {isa = PBXFileReference; lastKnownFileType = sourcecode.swift; path = StationImageDetailViewController.swift; sourceTree = "<group>"; };
		206ACE582389033100134EFF /* StationImageDetailViewModel.swift */ = {isa = PBXFileReference; lastKnownFileType = sourcecode.swift; path = StationImageDetailViewModel.swift; sourceTree = "<group>"; };
		206ACE5A23890FEA00134EFF /* AddStationImageViewController.swift */ = {isa = PBXFileReference; lastKnownFileType = sourcecode.swift; path = AddStationImageViewController.swift; sourceTree = "<group>"; };
		206ACE5F2389286E00134EFF /* DatabaseManager.swift */ = {isa = PBXFileReference; lastKnownFileType = sourcecode.swift; path = DatabaseManager.swift; sourceTree = "<group>"; };
		206ACE612389308B00134EFF /* UIViewControllerExtension.swift */ = {isa = PBXFileReference; lastKnownFileType = sourcecode.swift; path = UIViewControllerExtension.swift; sourceTree = "<group>"; };
		206ACE632389316B00134EFF /* NSObjectExtension.swift */ = {isa = PBXFileReference; lastKnownFileType = sourcecode.swift; path = NSObjectExtension.swift; sourceTree = "<group>"; };
		206ACE682389339900134EFF /* StationDetailTableViewCell.swift */ = {isa = PBXFileReference; fileEncoding = 4; lastKnownFileType = sourcecode.swift; path = StationDetailTableViewCell.swift; sourceTree = "<group>"; };
		206ACE6A238933D800134EFF /* PermissionManager.swift */ = {isa = PBXFileReference; lastKnownFileType = sourcecode.swift; path = PermissionManager.swift; sourceTree = "<group>"; };
		20B406FD23896B9100B265D1 /* AddStationImageViewModel.swift */ = {isa = PBXFileReference; lastKnownFileType = sourcecode.swift; path = AddStationImageViewModel.swift; sourceTree = "<group>"; };
		20B4070023896EF100B265D1 /* StationsAnnotation.swift */ = {isa = PBXFileReference; lastKnownFileType = sourcecode.swift; path = StationsAnnotation.swift; sourceTree = "<group>"; };
		20B40702238974DE00B265D1 /* StringExtension.swift */ = {isa = PBXFileReference; lastKnownFileType = sourcecode.swift; path = StringExtension.swift; sourceTree = "<group>"; };
		20B4070423897A6B00B265D1 /* DateExtension.swift */ = {isa = PBXFileReference; lastKnownFileType = sourcecode.swift; path = DateExtension.swift; sourceTree = "<group>"; };
		20FFCECF23894F23009DCB03 /* StationImageDetailModel.swift */ = {isa = PBXFileReference; lastKnownFileType = sourcecode.swift; path = StationImageDetailModel.swift; sourceTree = "<group>"; };
		20FFCED42389517E009DCB03 /* DocumentsManager.swift */ = {isa = PBXFileReference; fileEncoding = 4; lastKnownFileType = sourcecode.swift; path = DocumentsManager.swift; sourceTree = "<group>"; };
		23818DDF7B1DEFD2A931DAD8 /* Pods-TagTheBus-TagTheBusUITests.release.xcconfig */ = {isa = PBXFileReference; includeInIndex = 1; lastKnownFileType = text.xcconfig; name = "Pods-TagTheBus-TagTheBusUITests.release.xcconfig"; path = "Target Support Files/Pods-TagTheBus-TagTheBusUITests/Pods-TagTheBus-TagTheBusUITests.release.xcconfig"; sourceTree = "<group>"; };
		29C4AE95FBE8EE6AF5D206C8 /* Pods_TagTheBusTests.framework */ = {isa = PBXFileReference; explicitFileType = wrapper.framework; includeInIndex = 0; path = Pods_TagTheBusTests.framework; sourceTree = BUILT_PRODUCTS_DIR; };
		4E4E8261B2D462CEB296B536 /* Pods-TagTheBus.debug.xcconfig */ = {isa = PBXFileReference; includeInIndex = 1; lastKnownFileType = text.xcconfig; name = "Pods-TagTheBus.debug.xcconfig"; path = "Target Support Files/Pods-TagTheBus/Pods-TagTheBus.debug.xcconfig"; sourceTree = "<group>"; };
		4E8C8EA1502864647D467346 /* Pods-TagTheBus-TagTheBusUITests.debug.xcconfig */ = {isa = PBXFileReference; includeInIndex = 1; lastKnownFileType = text.xcconfig; name = "Pods-TagTheBus-TagTheBusUITests.debug.xcconfig"; path = "Target Support Files/Pods-TagTheBus-TagTheBusUITests/Pods-TagTheBus-TagTheBusUITests.debug.xcconfig"; sourceTree = "<group>"; };
		6419655D238677E000F545DA /* TagTheBus.app */ = {isa = PBXFileReference; explicitFileType = wrapper.application; includeInIndex = 0; path = TagTheBus.app; sourceTree = BUILT_PRODUCTS_DIR; };
		64196560238677E000F545DA /* AppDelegate.swift */ = {isa = PBXFileReference; lastKnownFileType = sourcecode.swift; path = AppDelegate.swift; sourceTree = "<group>"; };
		64196562238677E000F545DA /* SceneDelegate.swift */ = {isa = PBXFileReference; lastKnownFileType = sourcecode.swift; path = SceneDelegate.swift; sourceTree = "<group>"; };
		64196567238677E000F545DA /* Base */ = {isa = PBXFileReference; lastKnownFileType = file.storyboard; name = Base; path = Base.lproj/Main.storyboard; sourceTree = "<group>"; };
		64196569238677E800F545DA /* Assets.xcassets */ = {isa = PBXFileReference; lastKnownFileType = folder.assetcatalog; path = Assets.xcassets; sourceTree = "<group>"; };
		6419656C238677E800F545DA /* Base */ = {isa = PBXFileReference; lastKnownFileType = file.storyboard; name = Base; path = Base.lproj/LaunchScreen.storyboard; sourceTree = "<group>"; };
		6419656E238677E800F545DA /* Info.plist */ = {isa = PBXFileReference; lastKnownFileType = text.plist.xml; path = Info.plist; sourceTree = "<group>"; };
		64196573238677E900F545DA /* TagTheBusTests.xctest */ = {isa = PBXFileReference; explicitFileType = wrapper.cfbundle; includeInIndex = 0; path = TagTheBusTests.xctest; sourceTree = BUILT_PRODUCTS_DIR; };
		64196577238677E900F545DA /* TagTheBusTests.swift */ = {isa = PBXFileReference; lastKnownFileType = sourcecode.swift; path = TagTheBusTests.swift; sourceTree = "<group>"; };
		64196579238677E900F545DA /* Info.plist */ = {isa = PBXFileReference; lastKnownFileType = text.plist.xml; path = Info.plist; sourceTree = "<group>"; };
		6419657E238677E900F545DA /* TagTheBusUITests.xctest */ = {isa = PBXFileReference; explicitFileType = wrapper.cfbundle; includeInIndex = 0; path = TagTheBusUITests.xctest; sourceTree = BUILT_PRODUCTS_DIR; };
		64196582238677E900F545DA /* TagTheBusUITests.swift */ = {isa = PBXFileReference; lastKnownFileType = sourcecode.swift; path = TagTheBusUITests.swift; sourceTree = "<group>"; };
		64196584238677E900F545DA /* Info.plist */ = {isa = PBXFileReference; lastKnownFileType = text.plist.xml; path = Info.plist; sourceTree = "<group>"; };
		641965932386869100F545DA /* StationsPageViewController.swift */ = {isa = PBXFileReference; lastKnownFileType = sourcecode.swift; path = StationsPageViewController.swift; sourceTree = "<group>"; };
		64196595238688A000F545DA /* StationsMapViewController.swift */ = {isa = PBXFileReference; lastKnownFileType = sourcecode.swift; path = StationsMapViewController.swift; sourceTree = "<group>"; };
		64196597238688BE00F545DA /* StationsListViewController.swift */ = {isa = PBXFileReference; lastKnownFileType = sourcecode.swift; path = StationsListViewController.swift; sourceTree = "<group>"; };
		6419659A23868C1200F545DA /* Constants.swift */ = {isa = PBXFileReference; lastKnownFileType = sourcecode.swift; path = Constants.swift; sourceTree = "<group>"; };
		641965B22386B8EA00F545DA /* Enums.swift */ = {isa = PBXFileReference; lastKnownFileType = sourcecode.swift; path = Enums.swift; sourceTree = "<group>"; };
		641965B62386C25E00F545DA /* StationsModel.swift */ = {isa = PBXFileReference; lastKnownFileType = sourcecode.swift; path = StationsModel.swift; sourceTree = "<group>"; };
		641965B82386C27800F545DA /* DashboardViewModel.swift */ = {isa = PBXFileReference; lastKnownFileType = sourcecode.swift; path = DashboardViewModel.swift; sourceTree = "<group>"; };
		641965BA2386C37300F545DA /* TransportStationModel.swift */ = {isa = PBXFileReference; lastKnownFileType = sourcecode.swift; path = TransportStationModel.swift; sourceTree = "<group>"; };
		641965BD2386C6AE00F545DA /* DictionaryExtension.swift */ = {isa = PBXFileReference; lastKnownFileType = sourcecode.swift; path = DictionaryExtension.swift; sourceTree = "<group>"; };
		641965BF2386D1AC00F545DA /* DashboardViewController.swift */ = {isa = PBXFileReference; fileEncoding = 4; lastKnownFileType = sourcecode.swift; path = DashboardViewController.swift; sourceTree = "<group>"; };
		649754372387CECE00BC4530 /* ReachabilityManager.swift */ = {isa = PBXFileReference; fileEncoding = 4; lastKnownFileType = sourcecode.swift; path = ReachabilityManager.swift; sourceTree = "<group>"; };
		649754382387CECE00BC4530 /* APIManager.swift */ = {isa = PBXFileReference; fileEncoding = 4; lastKnownFileType = sourcecode.swift; path = APIManager.swift; sourceTree = "<group>"; };
		649754392387CECE00BC4530 /* NetworkHttpClient.swift */ = {isa = PBXFileReference; fileEncoding = 4; lastKnownFileType = sourcecode.swift; path = NetworkHttpClient.swift; sourceTree = "<group>"; };
		6497543B2387CECE00BC4530 /* APIResponse.swift */ = {isa = PBXFileReference; fileEncoding = 4; lastKnownFileType = sourcecode.swift; path = APIResponse.swift; sourceTree = "<group>"; };
		6497543C2387CECE00BC4530 /* APIInterface.swift */ = {isa = PBXFileReference; fileEncoding = 4; lastKnownFileType = sourcecode.swift; path = APIInterface.swift; sourceTree = "<group>"; };
		649754462387D3C700BC4530 /* DataExtension.swift */ = {isa = PBXFileReference; lastKnownFileType = sourcecode.swift; path = DataExtension.swift; sourceTree = "<group>"; };
		6497544A2387E8E200BC4530 /* TagTheBusServices.swift */ = {isa = PBXFileReference; lastKnownFileType = sourcecode.swift; path = TagTheBusServices.swift; sourceTree = "<group>"; };
		78AD53D8DD91422EBC9271BA /* Pods-TagTheBus.release.xcconfig */ = {isa = PBXFileReference; includeInIndex = 1; lastKnownFileType = text.xcconfig; name = "Pods-TagTheBus.release.xcconfig"; path = "Target Support Files/Pods-TagTheBus/Pods-TagTheBus.release.xcconfig"; sourceTree = "<group>"; };
		7E7D62AB0DD5334C29B84AE0 /* Pods_TagTheBus.framework */ = {isa = PBXFileReference; explicitFileType = wrapper.framework; includeInIndex = 0; path = Pods_TagTheBus.framework; sourceTree = BUILT_PRODUCTS_DIR; };
		88351C1CB48A8EF481E9D89B /* Pods-TagTheBusTests.debug.xcconfig */ = {isa = PBXFileReference; includeInIndex = 1; lastKnownFileType = text.xcconfig; name = "Pods-TagTheBusTests.debug.xcconfig"; path = "Target Support Files/Pods-TagTheBusTests/Pods-TagTheBusTests.debug.xcconfig"; sourceTree = "<group>"; };
		B3353ED4C160FE25D6EF6184 /* Pods-TagTheBusTests.release.xcconfig */ = {isa = PBXFileReference; includeInIndex = 1; lastKnownFileType = text.xcconfig; name = "Pods-TagTheBusTests.release.xcconfig"; path = "Target Support Files/Pods-TagTheBusTests/Pods-TagTheBusTests.release.xcconfig"; sourceTree = "<group>"; };
		E9326F155782D332C3C5AC4C /* Pods_TagTheBus_TagTheBusUITests.framework */ = {isa = PBXFileReference; explicitFileType = wrapper.framework; includeInIndex = 0; path = Pods_TagTheBus_TagTheBusUITests.framework; sourceTree = BUILT_PRODUCTS_DIR; };
/* End PBXFileReference section */

/* Begin PBXFrameworksBuildPhase section */
		6419655A238677E000F545DA /* Frameworks */ = {
			isa = PBXFrameworksBuildPhase;
			buildActionMask = 2147483647;
			files = (
				AA55334F3024EEA8EB0E0924 /* Pods_TagTheBus.framework in Frameworks */,
			);
			runOnlyForDeploymentPostprocessing = 0;
		};
		64196570238677E900F545DA /* Frameworks */ = {
			isa = PBXFrameworksBuildPhase;
			buildActionMask = 2147483647;
			files = (
				6E78DF324E35C8D6318BD445 /* Pods_TagTheBusTests.framework in Frameworks */,
			);
			runOnlyForDeploymentPostprocessing = 0;
		};
		6419657B238677E900F545DA /* Frameworks */ = {
			isa = PBXFrameworksBuildPhase;
			buildActionMask = 2147483647;
			files = (
				EF1CD61B9A7B64D0C3D8435A /* Pods_TagTheBus_TagTheBusUITests.framework in Frameworks */,
			);
			runOnlyForDeploymentPostprocessing = 0;
		};
/* End PBXFrameworksBuildPhase section */

/* Begin PBXGroup section */
		206ACE5E2389283100134EFF /* DatabaseManager */ = {
			isa = PBXGroup;
			children = (
				206ACE5F2389286E00134EFF /* DatabaseManager.swift */,
			);
			name = DatabaseManager;
			path = TagTheBus/Managers/DatabaseManager;
			sourceTree = SOURCE_ROOT;
		};
		206ACE652389329700134EFF /* PermissionManager */ = {
			isa = PBXGroup;
			children = (
				206ACE6A238933D800134EFF /* PermissionManager.swift */,
			);
			path = PermissionManager;
			sourceTree = "<group>";
		};
		206ACE66238932C800134EFF /* Managers */ = {
			isa = PBXGroup;
			children = (
				20FFCED32389517E009DCB03 /* DocumentsManager */,
				206ACE5E2389283100134EFF /* DatabaseManager */,
				206ACE652389329700134EFF /* PermissionManager */,
			);
			path = Managers;
			sourceTree = "<group>";
		};
		206ACE672389339900134EFF /* TableViewCells */ = {
			isa = PBXGroup;
			children = (
				206ACE682389339900134EFF /* StationDetailTableViewCell.swift */,
			);
			path = TableViewCells;
			sourceTree = "<group>";
		};
		20B406FF23896ED100B265D1 /* CustomClasses */ = {
			isa = PBXGroup;
			children = (
				20B4070023896EF100B265D1 /* StationsAnnotation.swift */,
			);
			path = CustomClasses;
			sourceTree = "<group>";
		};
		20FFCED32389517E009DCB03 /* DocumentsManager */ = {
			isa = PBXGroup;
			children = (
				20FFCED42389517E009DCB03 /* DocumentsManager.swift */,
			);
			path = DocumentsManager;
			sourceTree = "<group>";
		};
		64196554238677E000F545DA = {
			isa = PBXGroup;
			children = (
				6419655F238677E000F545DA /* TagTheBus */,
				64196576238677E900F545DA /* TagTheBusTests */,
				64196581238677E900F545DA /* TagTheBusUITests */,
				6419655E238677E000F545DA /* Products */,
				AE2F345A99F23EEBFA17BB1B /* Pods */,
				88E51A670C2BBBB85DE900E8 /* Frameworks */,
			);
			sourceTree = "<group>";
		};
		6419655E238677E000F545DA /* Products */ = {
			isa = PBXGroup;
			children = (
				6419655D238677E000F545DA /* TagTheBus.app */,
				64196573238677E900F545DA /* TagTheBusTests.xctest */,
				6419657E238677E900F545DA /* TagTheBusUITests.xctest */,
			);
			name = Products;
			sourceTree = "<group>";
		};
		6419655F238677E000F545DA /* TagTheBus */ = {
			isa = PBXGroup;
			children = (
				641965922386866500F545DA /* ViewControllers */,
				641965B02386AC9400F545DA /* ViewModels */,
				206ACE672389339900134EFF /* TableViewCells */,
				641965B12386ACA700F545DA /* Models */,
				6419659923868BDB00F545DA /* Config */,
				641965BC2386C69100F545DA /* Extensions */,
				206ACE66238932C800134EFF /* Managers */,
				649754342387CECE00BC4530 /* Network */,
				20B406FF23896ED100B265D1 /* CustomClasses */,
				6419656E238677E800F545DA /* Info.plist */,
				64196560238677E000F545DA /* AppDelegate.swift */,
				64196562238677E000F545DA /* SceneDelegate.swift */,
				64196566238677E000F545DA /* Main.storyboard */,
				64196569238677E800F545DA /* Assets.xcassets */,
				6419656B238677E800F545DA /* LaunchScreen.storyboard */,
			);
			path = TagTheBus;
			sourceTree = "<group>";
		};
		64196576238677E900F545DA /* TagTheBusTests */ = {
			isa = PBXGroup;
			children = (
				64196577238677E900F545DA /* TagTheBusTests.swift */,
				64196579238677E900F545DA /* Info.plist */,
			);
			path = TagTheBusTests;
			sourceTree = "<group>";
		};
		64196581238677E900F545DA /* TagTheBusUITests */ = {
			isa = PBXGroup;
			children = (
				64196582238677E900F545DA /* TagTheBusUITests.swift */,
				64196584238677E900F545DA /* Info.plist */,
			);
			path = TagTheBusUITests;
			sourceTree = "<group>";
		};
		641965922386866500F545DA /* ViewControllers */ = {
			isa = PBXGroup;
			children = (
				641965BF2386D1AC00F545DA /* DashboardViewController.swift */,
				641965932386869100F545DA /* StationsPageViewController.swift */,
				64196595238688A000F545DA /* StationsMapViewController.swift */,
				64196597238688BE00F545DA /* StationsListViewController.swift */,
				206ACE522388851F00134EFF /* StationDetailViewController.swift */,
				206ACE56238901A700134EFF /* StationImageDetailViewController.swift */,
				206ACE5A23890FEA00134EFF /* AddStationImageViewController.swift */,
			);
			path = ViewControllers;
			sourceTree = "<group>";
		};
		6419659923868BDB00F545DA /* Config */ = {
			isa = PBXGroup;
			children = (
				6419659A23868C1200F545DA /* Constants.swift */,
				641965B22386B8EA00F545DA /* Enums.swift */,
			);
			path = Config;
			sourceTree = "<group>";
		};
		641965B02386AC9400F545DA /* ViewModels */ = {
			isa = PBXGroup;
			children = (
				641965B82386C27800F545DA /* DashboardViewModel.swift */,
				206ACE542388F5EC00134EFF /* StationDetailViewModel.swift */,
				206ACE582389033100134EFF /* StationImageDetailViewModel.swift */,
				20B406FD23896B9100B265D1 /* AddStationImageViewModel.swift */,
			);
			path = ViewModels;
			sourceTree = "<group>";
		};
		641965B12386ACA700F545DA /* Models */ = {
			isa = PBXGroup;
			children = (
				641965B62386C25E00F545DA /* StationsModel.swift */,
				641965BA2386C37300F545DA /* TransportStationModel.swift */,
				20FFCECF23894F23009DCB03 /* StationImageDetailModel.swift */,
			);
			path = Models;
			sourceTree = "<group>";
		};
		641965BC2386C69100F545DA /* Extensions */ = {
			isa = PBXGroup;
			children = (
				641965BD2386C6AE00F545DA /* DictionaryExtension.swift */,
				649754462387D3C700BC4530 /* DataExtension.swift */,
				206ACE612389308B00134EFF /* UIViewControllerExtension.swift */,
				206ACE632389316B00134EFF /* NSObjectExtension.swift */,
				20B40702238974DE00B265D1 /* StringExtension.swift */,
				20B4070423897A6B00B265D1 /* DateExtension.swift */,
			);
			path = Extensions;
			sourceTree = "<group>";
		};
		649754342387CECE00BC4530 /* Network */ = {
			isa = PBXGroup;
			children = (
				649754362387CECE00BC4530 /* ReachabilityManager */,
				649754382387CECE00BC4530 /* APIManager.swift */,
				649754392387CECE00BC4530 /* NetworkHttpClient.swift */,
				6497543B2387CECE00BC4530 /* APIResponse.swift */,
				6497543C2387CECE00BC4530 /* APIInterface.swift */,
				6497544A2387E8E200BC4530 /* TagTheBusServices.swift */,
			);
			path = Network;
			sourceTree = "<group>";
		};
		649754362387CECE00BC4530 /* ReachabilityManager */ = {
			isa = PBXGroup;
			children = (
				649754372387CECE00BC4530 /* ReachabilityManager.swift */,
			);
			path = ReachabilityManager;
			sourceTree = "<group>";
		};
		88E51A670C2BBBB85DE900E8 /* Frameworks */ = {
			isa = PBXGroup;
			children = (
				7E7D62AB0DD5334C29B84AE0 /* Pods_TagTheBus.framework */,
				E9326F155782D332C3C5AC4C /* Pods_TagTheBus_TagTheBusUITests.framework */,
				29C4AE95FBE8EE6AF5D206C8 /* Pods_TagTheBusTests.framework */,
			);
			name = Frameworks;
			sourceTree = "<group>";
		};
		AE2F345A99F23EEBFA17BB1B /* Pods */ = {
			isa = PBXGroup;
			children = (
				4E4E8261B2D462CEB296B536 /* Pods-TagTheBus.debug.xcconfig */,
				78AD53D8DD91422EBC9271BA /* Pods-TagTheBus.release.xcconfig */,
				4E8C8EA1502864647D467346 /* Pods-TagTheBus-TagTheBusUITests.debug.xcconfig */,
				23818DDF7B1DEFD2A931DAD8 /* Pods-TagTheBus-TagTheBusUITests.release.xcconfig */,
				88351C1CB48A8EF481E9D89B /* Pods-TagTheBusTests.debug.xcconfig */,
				B3353ED4C160FE25D6EF6184 /* Pods-TagTheBusTests.release.xcconfig */,
			);
			path = Pods;
			sourceTree = "<group>";
		};
/* End PBXGroup section */

/* Begin PBXNativeTarget section */
		6419655C238677E000F545DA /* TagTheBus */ = {
			isa = PBXNativeTarget;
			buildConfigurationList = 64196587238677E900F545DA /* Build configuration list for PBXNativeTarget "TagTheBus" */;
			buildPhases = (
				CDCD4127B801D20C87207635 /* [CP] Check Pods Manifest.lock */,
				64196559238677E000F545DA /* Sources */,
				6419655A238677E000F545DA /* Frameworks */,
				6419655B238677E000F545DA /* Resources */,
				0054472A4AB31392F6F3A720 /* [CP] Embed Pods Frameworks */,
			);
			buildRules = (
			);
			dependencies = (
			);
			name = TagTheBus;
			productName = TagTheBus;
			productReference = 6419655D238677E000F545DA /* TagTheBus.app */;
			productType = "com.apple.product-type.application";
		};
		64196572238677E900F545DA /* TagTheBusTests */ = {
			isa = PBXNativeTarget;
			buildConfigurationList = 6419658A238677E900F545DA /* Build configuration list for PBXNativeTarget "TagTheBusTests" */;
			buildPhases = (
				45E9AB1467CCA8A1ED4321E4 /* [CP] Check Pods Manifest.lock */,
				6419656F238677E900F545DA /* Sources */,
				64196570238677E900F545DA /* Frameworks */,
				64196571238677E900F545DA /* Resources */,
			);
			buildRules = (
			);
			dependencies = (
				64196575238677E900F545DA /* PBXTargetDependency */,
			);
			name = TagTheBusTests;
			productName = TagTheBusTests;
			productReference = 64196573238677E900F545DA /* TagTheBusTests.xctest */;
			productType = "com.apple.product-type.bundle.unit-test";
		};
		6419657D238677E900F545DA /* TagTheBusUITests */ = {
			isa = PBXNativeTarget;
			buildConfigurationList = 6419658D238677E900F545DA /* Build configuration list for PBXNativeTarget "TagTheBusUITests" */;
			buildPhases = (
				06A25D570DA622DB67B60A88 /* [CP] Check Pods Manifest.lock */,
				6419657A238677E900F545DA /* Sources */,
				6419657B238677E900F545DA /* Frameworks */,
				6419657C238677E900F545DA /* Resources */,
				4942665778FF320ED08B5B27 /* [CP] Embed Pods Frameworks */,
			);
			buildRules = (
			);
			dependencies = (
				64196580238677E900F545DA /* PBXTargetDependency */,
			);
			name = TagTheBusUITests;
			productName = TagTheBusUITests;
			productReference = 6419657E238677E900F545DA /* TagTheBusUITests.xctest */;
			productType = "com.apple.product-type.bundle.ui-testing";
		};
/* End PBXNativeTarget section */

/* Begin PBXProject section */
		64196555238677E000F545DA /* Project object */ = {
			isa = PBXProject;
			attributes = {
				LastSwiftUpdateCheck = 1120;
				LastUpgradeCheck = 1120;
				ORGANIZATIONNAME = Aadhar;
				TargetAttributes = {
					6419655C238677E000F545DA = {
						CreatedOnToolsVersion = 11.2.1;
					};
					64196572238677E900F545DA = {
						CreatedOnToolsVersion = 11.2.1;
						TestTargetID = 6419655C238677E000F545DA;
					};
					6419657D238677E900F545DA = {
						CreatedOnToolsVersion = 11.2.1;
						TestTargetID = 6419655C238677E000F545DA;
					};
				};
			};
			buildConfigurationList = 64196558238677E000F545DA /* Build configuration list for PBXProject "TagTheBus" */;
			compatibilityVersion = "Xcode 9.3";
			developmentRegion = en;
			hasScannedForEncodings = 0;
			knownRegions = (
				en,
				Base,
			);
			mainGroup = 64196554238677E000F545DA;
			productRefGroup = 6419655E238677E000F545DA /* Products */;
			projectDirPath = "";
			projectRoot = "";
			targets = (
				6419655C238677E000F545DA /* TagTheBus */,
				64196572238677E900F545DA /* TagTheBusTests */,
				6419657D238677E900F545DA /* TagTheBusUITests */,
			);
		};
/* End PBXProject section */

/* Begin PBXResourcesBuildPhase section */
		6419655B238677E000F545DA /* Resources */ = {
			isa = PBXResourcesBuildPhase;
			buildActionMask = 2147483647;
			files = (
				6419656D238677E800F545DA /* LaunchScreen.storyboard in Resources */,
				6419656A238677E800F545DA /* Assets.xcassets in Resources */,
				64196568238677E000F545DA /* Main.storyboard in Resources */,
			);
			runOnlyForDeploymentPostprocessing = 0;
		};
		64196571238677E900F545DA /* Resources */ = {
			isa = PBXResourcesBuildPhase;
			buildActionMask = 2147483647;
			files = (
			);
			runOnlyForDeploymentPostprocessing = 0;
		};
		6419657C238677E900F545DA /* Resources */ = {
			isa = PBXResourcesBuildPhase;
			buildActionMask = 2147483647;
			files = (
			);
			runOnlyForDeploymentPostprocessing = 0;
		};
/* End PBXResourcesBuildPhase section */

/* Begin PBXShellScriptBuildPhase section */
		0054472A4AB31392F6F3A720 /* [CP] Embed Pods Frameworks */ = {
			isa = PBXShellScriptBuildPhase;
			buildActionMask = 2147483647;
			files = (
			);
			inputFileListPaths = (
				"${PODS_ROOT}/Target Support Files/Pods-TagTheBus/Pods-TagTheBus-frameworks-${CONFIGURATION}-input-files.xcfilelist",
			);
			name = "[CP] Embed Pods Frameworks";
			outputFileListPaths = (
				"${PODS_ROOT}/Target Support Files/Pods-TagTheBus/Pods-TagTheBus-frameworks-${CONFIGURATION}-output-files.xcfilelist",
			);
			runOnlyForDeploymentPostprocessing = 0;
			shellPath = /bin/sh;
			shellScript = "\"${PODS_ROOT}/Target Support Files/Pods-TagTheBus/Pods-TagTheBus-frameworks.sh\"\n";
			showEnvVarsInLog = 0;
		};
		06A25D570DA622DB67B60A88 /* [CP] Check Pods Manifest.lock */ = {
			isa = PBXShellScriptBuildPhase;
			buildActionMask = 2147483647;
			files = (
			);
			inputFileListPaths = (
			);
			inputPaths = (
				"${PODS_PODFILE_DIR_PATH}/Podfile.lock",
				"${PODS_ROOT}/Manifest.lock",
			);
			name = "[CP] Check Pods Manifest.lock";
			outputFileListPaths = (
			);
			outputPaths = (
				"$(DERIVED_FILE_DIR)/Pods-TagTheBus-TagTheBusUITests-checkManifestLockResult.txt",
			);
			runOnlyForDeploymentPostprocessing = 0;
			shellPath = /bin/sh;
			shellScript = "diff \"${PODS_PODFILE_DIR_PATH}/Podfile.lock\" \"${PODS_ROOT}/Manifest.lock\" > /dev/null\nif [ $? != 0 ] ; then\n    # print error to STDERR\n    echo \"error: The sandbox is not in sync with the Podfile.lock. Run 'pod install' or update your CocoaPods installation.\" >&2\n    exit 1\nfi\n# This output is used by Xcode 'outputs' to avoid re-running this script phase.\necho \"SUCCESS\" > \"${SCRIPT_OUTPUT_FILE_0}\"\n";
			showEnvVarsInLog = 0;
		};
		45E9AB1467CCA8A1ED4321E4 /* [CP] Check Pods Manifest.lock */ = {
			isa = PBXShellScriptBuildPhase;
			buildActionMask = 2147483647;
			files = (
			);
			inputFileListPaths = (
			);
			inputPaths = (
				"${PODS_PODFILE_DIR_PATH}/Podfile.lock",
				"${PODS_ROOT}/Manifest.lock",
			);
			name = "[CP] Check Pods Manifest.lock";
			outputFileListPaths = (
			);
			outputPaths = (
				"$(DERIVED_FILE_DIR)/Pods-TagTheBusTests-checkManifestLockResult.txt",
			);
			runOnlyForDeploymentPostprocessing = 0;
			shellPath = /bin/sh;
			shellScript = "diff \"${PODS_PODFILE_DIR_PATH}/Podfile.lock\" \"${PODS_ROOT}/Manifest.lock\" > /dev/null\nif [ $? != 0 ] ; then\n    # print error to STDERR\n    echo \"error: The sandbox is not in sync with the Podfile.lock. Run 'pod install' or update your CocoaPods installation.\" >&2\n    exit 1\nfi\n# This output is used by Xcode 'outputs' to avoid re-running this script phase.\necho \"SUCCESS\" > \"${SCRIPT_OUTPUT_FILE_0}\"\n";
			showEnvVarsInLog = 0;
		};
		4942665778FF320ED08B5B27 /* [CP] Embed Pods Frameworks */ = {
			isa = PBXShellScriptBuildPhase;
			buildActionMask = 2147483647;
			files = (
			);
			inputFileListPaths = (
				"${PODS_ROOT}/Target Support Files/Pods-TagTheBus-TagTheBusUITests/Pods-TagTheBus-TagTheBusUITests-frameworks-${CONFIGURATION}-input-files.xcfilelist",
			);
			name = "[CP] Embed Pods Frameworks";
			outputFileListPaths = (
				"${PODS_ROOT}/Target Support Files/Pods-TagTheBus-TagTheBusUITests/Pods-TagTheBus-TagTheBusUITests-frameworks-${CONFIGURATION}-output-files.xcfilelist",
			);
			runOnlyForDeploymentPostprocessing = 0;
			shellPath = /bin/sh;
			shellScript = "\"${PODS_ROOT}/Target Support Files/Pods-TagTheBus-TagTheBusUITests/Pods-TagTheBus-TagTheBusUITests-frameworks.sh\"\n";
			showEnvVarsInLog = 0;
		};
		CDCD4127B801D20C87207635 /* [CP] Check Pods Manifest.lock */ = {
			isa = PBXShellScriptBuildPhase;
			buildActionMask = 2147483647;
			files = (
			);
			inputFileListPaths = (
			);
			inputPaths = (
				"${PODS_PODFILE_DIR_PATH}/Podfile.lock",
				"${PODS_ROOT}/Manifest.lock",
			);
			name = "[CP] Check Pods Manifest.lock";
			outputFileListPaths = (
			);
			outputPaths = (
				"$(DERIVED_FILE_DIR)/Pods-TagTheBus-checkManifestLockResult.txt",
			);
			runOnlyForDeploymentPostprocessing = 0;
			shellPath = /bin/sh;
			shellScript = "diff \"${PODS_PODFILE_DIR_PATH}/Podfile.lock\" \"${PODS_ROOT}/Manifest.lock\" > /dev/null\nif [ $? != 0 ] ; then\n    # print error to STDERR\n    echo \"error: The sandbox is not in sync with the Podfile.lock. Run 'pod install' or update your CocoaPods installation.\" >&2\n    exit 1\nfi\n# This output is used by Xcode 'outputs' to avoid re-running this script phase.\necho \"SUCCESS\" > \"${SCRIPT_OUTPUT_FILE_0}\"\n";
			showEnvVarsInLog = 0;
		};
/* End PBXShellScriptBuildPhase section */

/* Begin PBXSourcesBuildPhase section */
		64196559238677E000F545DA /* Sources */ = {
			isa = PBXSourcesBuildPhase;
			buildActionMask = 2147483647;
			files = (
				64196596238688A000F545DA /* StationsMapViewController.swift in Sources */,
				20B4070523897A6B00B265D1 /* DateExtension.swift in Sources */,
				206ACE602389286E00134EFF /* DatabaseManager.swift in Sources */,
				206ACE692389339900134EFF /* StationDetailTableViewCell.swift in Sources */,
				641965B72386C25E00F545DA /* StationsModel.swift in Sources */,
				6497543F2387CECF00BC4530 /* ReachabilityManager.swift in Sources */,
				206ACE592389033100134EFF /* StationImageDetailViewModel.swift in Sources */,
				206ACE552388F5EC00134EFF /* StationDetailViewModel.swift in Sources */,
				206ACE642389316B00134EFF /* NSObjectExtension.swift in Sources */,
				20B40703238974DE00B265D1 /* StringExtension.swift in Sources */,
				641965BE2386C6AE00F545DA /* DictionaryExtension.swift in Sources */,
				206ACE532388851F00134EFF /* StationDetailViewController.swift in Sources */,
				641965B92386C27800F545DA /* DashboardViewModel.swift in Sources */,
				20FFCED52389517E009DCB03 /* DocumentsManager.swift in Sources */,
				20B4070123896EF100B265D1 /* StationsAnnotation.swift in Sources */,
				6497544B2387E8E200BC4530 /* TagTheBusServices.swift in Sources */,
				206ACE622389308B00134EFF /* UIViewControllerExtension.swift in Sources */,
				641965942386869100F545DA /* StationsPageViewController.swift in Sources */,
				64196561238677E000F545DA /* AppDelegate.swift in Sources */,
				206ACE57238901A700134EFF /* StationImageDetailViewController.swift in Sources */,
				649754442387CECF00BC4530 /* APIInterface.swift in Sources */,
				641965C02386D1AC00F545DA /* DashboardViewController.swift in Sources */,
				20B406FE23896B9100B265D1 /* AddStationImageViewModel.swift in Sources */,
				6419659B23868C1200F545DA /* Constants.swift in Sources */,
				641965BB2386C37300F545DA /* TransportStationModel.swift in Sources */,
				649754412387CECF00BC4530 /* NetworkHttpClient.swift in Sources */,
				64196598238688BE00F545DA /* StationsListViewController.swift in Sources */,
				649754472387D3C700BC4530 /* DataExtension.swift in Sources */,
				206ACE5B23890FEA00134EFF /* AddStationImageViewController.swift in Sources */,
				649754402387CECF00BC4530 /* APIManager.swift in Sources */,
				641965B32386B8EA00F545DA /* Enums.swift in Sources */,
				64196563238677E000F545DA /* SceneDelegate.swift in Sources */,
				206ACE6B238933D800134EFF /* PermissionManager.swift in Sources */,
				649754432387CECF00BC4530 /* APIResponse.swift in Sources */,
				20FFCED023894F23009DCB03 /* StationImageDetailModel.swift in Sources */,
			);
			runOnlyForDeploymentPostprocessing = 0;
		};
		6419656F238677E900F545DA /* Sources */ = {
			isa = PBXSourcesBuildPhase;
			buildActionMask = 2147483647;
			files = (
				64196578238677E900F545DA /* TagTheBusTests.swift in Sources */,
			);
			runOnlyForDeploymentPostprocessing = 0;
		};
		6419657A238677E900F545DA /* Sources */ = {
			isa = PBXSourcesBuildPhase;
			buildActionMask = 2147483647;
			files = (
				64196583238677E900F545DA /* TagTheBusUITests.swift in Sources */,
			);
			runOnlyForDeploymentPostprocessing = 0;
		};
/* End PBXSourcesBuildPhase section */

/* Begin PBXTargetDependency section */
		64196575238677E900F545DA /* PBXTargetDependency */ = {
			isa = PBXTargetDependency;
			target = 6419655C238677E000F545DA /* TagTheBus */;
			targetProxy = 64196574238677E900F545DA /* PBXContainerItemProxy */;
		};
		64196580238677E900F545DA /* PBXTargetDependency */ = {
			isa = PBXTargetDependency;
			target = 6419655C238677E000F545DA /* TagTheBus */;
			targetProxy = 6419657F238677E900F545DA /* PBXContainerItemProxy */;
		};
/* End PBXTargetDependency section */

/* Begin PBXVariantGroup section */
		64196566238677E000F545DA /* Main.storyboard */ = {
			isa = PBXVariantGroup;
			children = (
				64196567238677E000F545DA /* Base */,
			);
			name = Main.storyboard;
			sourceTree = "<group>";
		};
		6419656B238677E800F545DA /* LaunchScreen.storyboard */ = {
			isa = PBXVariantGroup;
			children = (
				6419656C238677E800F545DA /* Base */,
			);
			name = LaunchScreen.storyboard;
			sourceTree = "<group>";
		};
/* End PBXVariantGroup section */

/* Begin XCBuildConfiguration section */
		64196585238677E900F545DA /* Debug */ = {
			isa = XCBuildConfiguration;
			buildSettings = {
				ALWAYS_SEARCH_USER_PATHS = NO;
				CLANG_ANALYZER_NONNULL = YES;
				CLANG_ANALYZER_NUMBER_OBJECT_CONVERSION = YES_AGGRESSIVE;
				CLANG_CXX_LANGUAGE_STANDARD = "gnu++14";
				CLANG_CXX_LIBRARY = "libc++";
				CLANG_ENABLE_MODULES = YES;
				CLANG_ENABLE_OBJC_ARC = YES;
				CLANG_ENABLE_OBJC_WEAK = YES;
				CLANG_WARN_BLOCK_CAPTURE_AUTORELEASING = YES;
				CLANG_WARN_BOOL_CONVERSION = YES;
				CLANG_WARN_COMMA = YES;
				CLANG_WARN_CONSTANT_CONVERSION = YES;
				CLANG_WARN_DEPRECATED_OBJC_IMPLEMENTATIONS = YES;
				CLANG_WARN_DIRECT_OBJC_ISA_USAGE = YES_ERROR;
				CLANG_WARN_DOCUMENTATION_COMMENTS = YES;
				CLANG_WARN_EMPTY_BODY = YES;
				CLANG_WARN_ENUM_CONVERSION = YES;
				CLANG_WARN_INFINITE_RECURSION = YES;
				CLANG_WARN_INT_CONVERSION = YES;
				CLANG_WARN_NON_LITERAL_NULL_CONVERSION = YES;
				CLANG_WARN_OBJC_IMPLICIT_RETAIN_SELF = YES;
				CLANG_WARN_OBJC_LITERAL_CONVERSION = YES;
				CLANG_WARN_OBJC_ROOT_CLASS = YES_ERROR;
				CLANG_WARN_RANGE_LOOP_ANALYSIS = YES;
				CLANG_WARN_STRICT_PROTOTYPES = YES;
				CLANG_WARN_SUSPICIOUS_MOVE = YES;
				CLANG_WARN_UNGUARDED_AVAILABILITY = YES_AGGRESSIVE;
				CLANG_WARN_UNREACHABLE_CODE = YES;
				CLANG_WARN__DUPLICATE_METHOD_MATCH = YES;
				COPY_PHASE_STRIP = NO;
				DEBUG_INFORMATION_FORMAT = dwarf;
				ENABLE_STRICT_OBJC_MSGSEND = YES;
				ENABLE_TESTABILITY = YES;
				GCC_C_LANGUAGE_STANDARD = gnu11;
				GCC_DYNAMIC_NO_PIC = NO;
				GCC_NO_COMMON_BLOCKS = YES;
				GCC_OPTIMIZATION_LEVEL = 0;
				GCC_PREPROCESSOR_DEFINITIONS = (
					"DEBUG=1",
					"$(inherited)",
				);
				GCC_WARN_64_TO_32_BIT_CONVERSION = YES;
				GCC_WARN_ABOUT_RETURN_TYPE = YES_ERROR;
				GCC_WARN_UNDECLARED_SELECTOR = YES;
				GCC_WARN_UNINITIALIZED_AUTOS = YES_AGGRESSIVE;
				GCC_WARN_UNUSED_FUNCTION = YES;
				GCC_WARN_UNUSED_VARIABLE = YES;
				IPHONEOS_DEPLOYMENT_TARGET = 13.2;
				MTL_ENABLE_DEBUG_INFO = INCLUDE_SOURCE;
				MTL_FAST_MATH = YES;
				ONLY_ACTIVE_ARCH = YES;
				SDKROOT = iphoneos;
				SWIFT_ACTIVE_COMPILATION_CONDITIONS = DEBUG;
				SWIFT_OPTIMIZATION_LEVEL = "-Onone";
			};
			name = Debug;
		};
		64196586238677E900F545DA /* Release */ = {
			isa = XCBuildConfiguration;
			buildSettings = {
				ALWAYS_SEARCH_USER_PATHS = NO;
				CLANG_ANALYZER_NONNULL = YES;
				CLANG_ANALYZER_NUMBER_OBJECT_CONVERSION = YES_AGGRESSIVE;
				CLANG_CXX_LANGUAGE_STANDARD = "gnu++14";
				CLANG_CXX_LIBRARY = "libc++";
				CLANG_ENABLE_MODULES = YES;
				CLANG_ENABLE_OBJC_ARC = YES;
				CLANG_ENABLE_OBJC_WEAK = YES;
				CLANG_WARN_BLOCK_CAPTURE_AUTORELEASING = YES;
				CLANG_WARN_BOOL_CONVERSION = YES;
				CLANG_WARN_COMMA = YES;
				CLANG_WARN_CONSTANT_CONVERSION = YES;
				CLANG_WARN_DEPRECATED_OBJC_IMPLEMENTATIONS = YES;
				CLANG_WARN_DIRECT_OBJC_ISA_USAGE = YES_ERROR;
				CLANG_WARN_DOCUMENTATION_COMMENTS = YES;
				CLANG_WARN_EMPTY_BODY = YES;
				CLANG_WARN_ENUM_CONVERSION = YES;
				CLANG_WARN_INFINITE_RECURSION = YES;
				CLANG_WARN_INT_CONVERSION = YES;
				CLANG_WARN_NON_LITERAL_NULL_CONVERSION = YES;
				CLANG_WARN_OBJC_IMPLICIT_RETAIN_SELF = YES;
				CLANG_WARN_OBJC_LITERAL_CONVERSION = YES;
				CLANG_WARN_OBJC_ROOT_CLASS = YES_ERROR;
				CLANG_WARN_RANGE_LOOP_ANALYSIS = YES;
				CLANG_WARN_STRICT_PROTOTYPES = YES;
				CLANG_WARN_SUSPICIOUS_MOVE = YES;
				CLANG_WARN_UNGUARDED_AVAILABILITY = YES_AGGRESSIVE;
				CLANG_WARN_UNREACHABLE_CODE = YES;
				CLANG_WARN__DUPLICATE_METHOD_MATCH = YES;
				COPY_PHASE_STRIP = NO;
				DEBUG_INFORMATION_FORMAT = "dwarf-with-dsym";
				ENABLE_NS_ASSERTIONS = NO;
				ENABLE_STRICT_OBJC_MSGSEND = YES;
				GCC_C_LANGUAGE_STANDARD = gnu11;
				GCC_NO_COMMON_BLOCKS = YES;
				GCC_WARN_64_TO_32_BIT_CONVERSION = YES;
				GCC_WARN_ABOUT_RETURN_TYPE = YES_ERROR;
				GCC_WARN_UNDECLARED_SELECTOR = YES;
				GCC_WARN_UNINITIALIZED_AUTOS = YES_AGGRESSIVE;
				GCC_WARN_UNUSED_FUNCTION = YES;
				GCC_WARN_UNUSED_VARIABLE = YES;
				IPHONEOS_DEPLOYMENT_TARGET = 13.2;
				MTL_ENABLE_DEBUG_INFO = NO;
				MTL_FAST_MATH = YES;
				SDKROOT = iphoneos;
				SWIFT_COMPILATION_MODE = wholemodule;
				SWIFT_OPTIMIZATION_LEVEL = "-O";
				VALIDATE_PRODUCT = YES;
			};
			name = Release;
		};
		64196588238677E900F545DA /* Debug */ = {
			isa = XCBuildConfiguration;
			baseConfigurationReference = 4E4E8261B2D462CEB296B536 /* Pods-TagTheBus.debug.xcconfig */;
			buildSettings = {
				ASSETCATALOG_COMPILER_APPICON_NAME = AppIcon;
				CODE_SIGN_STYLE = Automatic;
				INFOPLIST_FILE = TagTheBus/Info.plist;
				IPHONEOS_DEPLOYMENT_TARGET = 12.0;
				LD_RUNPATH_SEARCH_PATHS = (
					"$(inherited)",
					"@executable_path/Frameworks",
				);
				PRODUCT_BUNDLE_IDENTIFIER = Aadhar.TagTheBus;
				PRODUCT_NAME = "$(TARGET_NAME)";
				SWIFT_VERSION = 5.0;
				TARGETED_DEVICE_FAMILY = 1;
			};
			name = Debug;
		};
		64196589238677E900F545DA /* Release */ = {
			isa = XCBuildConfiguration;
			baseConfigurationReference = 78AD53D8DD91422EBC9271BA /* Pods-TagTheBus.release.xcconfig */;
			buildSettings = {
				ASSETCATALOG_COMPILER_APPICON_NAME = AppIcon;
				CODE_SIGN_STYLE = Automatic;
				INFOPLIST_FILE = TagTheBus/Info.plist;
				IPHONEOS_DEPLOYMENT_TARGET = 12.0;
				LD_RUNPATH_SEARCH_PATHS = (
					"$(inherited)",
					"@executable_path/Frameworks",
				);
				PRODUCT_BUNDLE_IDENTIFIER = Aadhar.TagTheBus;
				PRODUCT_NAME = "$(TARGET_NAME)";
				SWIFT_VERSION = 5.0;
				TARGETED_DEVICE_FAMILY = 1;
			};
			name = Release;
		};
		6419658B238677E900F545DA /* Debug */ = {
			isa = XCBuildConfiguration;
			baseConfigurationReference = 88351C1CB48A8EF481E9D89B /* Pods-TagTheBusTests.debug.xcconfig */;
			buildSettings = {
				ALWAYS_EMBED_SWIFT_STANDARD_LIBRARIES = YES;
				BUNDLE_LOADER = "$(TEST_HOST)";
				CODE_SIGN_STYLE = Automatic;
				INFOPLIST_FILE = TagTheBusTests/Info.plist;
				IPHONEOS_DEPLOYMENT_TARGET = 13.2;
				LD_RUNPATH_SEARCH_PATHS = (
					"$(inherited)",
					"@executable_path/Frameworks",
					"@loader_path/Frameworks",
				);
				PRODUCT_BUNDLE_IDENTIFIER = Aadhar.TagTheBusTests;
				PRODUCT_NAME = "$(TARGET_NAME)";
				SWIFT_VERSION = 5.0;
				TARGETED_DEVICE_FAMILY = "1,2";
				TEST_HOST = "$(BUILT_PRODUCTS_DIR)/TagTheBus.app/TagTheBus";
			};
			name = Debug;
		};
		6419658C238677E900F545DA /* Release */ = {
			isa = XCBuildConfiguration;
			baseConfigurationReference = B3353ED4C160FE25D6EF6184 /* Pods-TagTheBusTests.release.xcconfig */;
			buildSettings = {
				ALWAYS_EMBED_SWIFT_STANDARD_LIBRARIES = YES;
				BUNDLE_LOADER = "$(TEST_HOST)";
				CODE_SIGN_STYLE = Automatic;
				INFOPLIST_FILE = TagTheBusTests/Info.plist;
				IPHONEOS_DEPLOYMENT_TARGET = 13.2;
				LD_RUNPATH_SEARCH_PATHS = (
					"$(inherited)",
					"@executable_path/Frameworks",
					"@loader_path/Frameworks",
				);
				PRODUCT_BUNDLE_IDENTIFIER = Aadhar.TagTheBusTests;
				PRODUCT_NAME = "$(TARGET_NAME)";
				SWIFT_VERSION = 5.0;
				TARGETED_DEVICE_FAMILY = "1,2";
				TEST_HOST = "$(BUILT_PRODUCTS_DIR)/TagTheBus.app/TagTheBus";
			};
			name = Release;
		};
		6419658E238677E900F545DA /* Debug */ = {
			isa = XCBuildConfiguration;
			baseConfigurationReference = 4E8C8EA1502864647D467346 /* Pods-TagTheBus-TagTheBusUITests.debug.xcconfig */;
			buildSettings = {
				ALWAYS_EMBED_SWIFT_STANDARD_LIBRARIES = YES;
				CODE_SIGN_STYLE = Automatic;
				INFOPLIST_FILE = TagTheBusUITests/Info.plist;
				LD_RUNPATH_SEARCH_PATHS = (
					"$(inherited)",
					"@executable_path/Frameworks",
					"@loader_path/Frameworks",
				);
				PRODUCT_BUNDLE_IDENTIFIER = Aadhar.TagTheBusUITests;
				PRODUCT_NAME = "$(TARGET_NAME)";
				SWIFT_VERSION = 5.0;
				TARGETED_DEVICE_FAMILY = "1,2";
				TEST_TARGET_NAME = TagTheBus;
			};
			name = Debug;
		};
		6419658F238677E900F545DA /* Release */ = {
			isa = XCBuildConfiguration;
			baseConfigurationReference = 23818DDF7B1DEFD2A931DAD8 /* Pods-TagTheBus-TagTheBusUITests.release.xcconfig */;
			buildSettings = {
				ALWAYS_EMBED_SWIFT_STANDARD_LIBRARIES = YES;
				CODE_SIGN_STYLE = Automatic;
				INFOPLIST_FILE = TagTheBusUITests/Info.plist;
				LD_RUNPATH_SEARCH_PATHS = (
					"$(inherited)",
					"@executable_path/Frameworks",
					"@loader_path/Frameworks",
				);
				PRODUCT_BUNDLE_IDENTIFIER = Aadhar.TagTheBusUITests;
				PRODUCT_NAME = "$(TARGET_NAME)";
				SWIFT_VERSION = 5.0;
				TARGETED_DEVICE_FAMILY = "1,2";
				TEST_TARGET_NAME = TagTheBus;
			};
			name = Release;
		};
/* End XCBuildConfiguration section */

/* Begin XCConfigurationList section */
		64196558238677E000F545DA /* Build configuration list for PBXProject "TagTheBus" */ = {
			isa = XCConfigurationList;
			buildConfigurations = (
				64196585238677E900F545DA /* Debug */,
				64196586238677E900F545DA /* Release */,
			);
			defaultConfigurationIsVisible = 0;
			defaultConfigurationName = Release;
		};
		64196587238677E900F545DA /* Build configuration list for PBXNativeTarget "TagTheBus" */ = {
			isa = XCConfigurationList;
			buildConfigurations = (
				64196588238677E900F545DA /* Debug */,
				64196589238677E900F545DA /* Release */,
			);
			defaultConfigurationIsVisible = 0;
			defaultConfigurationName = Release;
		};
		6419658A238677E900F545DA /* Build configuration list for PBXNativeTarget "TagTheBusTests" */ = {
			isa = XCConfigurationList;
			buildConfigurations = (
				6419658B238677E900F545DA /* Debug */,
				6419658C238677E900F545DA /* Release */,
			);
			defaultConfigurationIsVisible = 0;
			defaultConfigurationName = Release;
		};
		6419658D238677E900F545DA /* Build configuration list for PBXNativeTarget "TagTheBusUITests" */ = {
			isa = XCConfigurationList;
			buildConfigurations = (
				6419658E238677E900F545DA /* Debug */,
				6419658F238677E900F545DA /* Release */,
			);
			defaultConfigurationIsVisible = 0;
			defaultConfigurationName = Release;
		};
/* End XCConfigurationList section */
	};
	rootObject = 64196555238677E000F545DA /* Project object */;
}
